
Microsoft Visual Studio Solution File, Format Version 12.00
# Visual Studio Version 17
VisualStudioVersion = 17.9.34728.123
MinimumVisualStudioVersion = 10.0.40219.1
Project("{FAE04EC0-301F-11D3-BF4B-00C04F79EFBC}") = "DialogBoxButtons", "DialogBoxButtons\DialogBoxButtons.csproj", "{7550BC27-2C57-4648-B372-6F20E45F6BE1}"
EndProject
Global
	GlobalSection(SolutionConfigurationPlatforms) = preSolution
		Debug|Any CPU = Debug|Any CPU
		Release|Any CPU = Release|Any CPU
	EndGlobalSection
	GlobalSection(ProjectConfigurationPlatforms) = postSolution
		{7550BC27-2C57-4648-B372-6F20E45F6BE1}.Debug|Any CPU.ActiveCfg = Debug|Any CPU
		{7550BC27-2C57-4648-B372-6F20E45F6BE1}.Debug|Any CPU.Build.0 = Debug|Any CPU
		{7550BC27-2C57-4648-B372-6F20E45F6BE1}.Release|Any CPU.ActiveCfg = Release|Any CPU
		{7550BC27-2C57-4648-B372-6F20E45F6BE1}.Release|Any CPU.Build.0 = Release|Any CPU
	EndGlobalSection
	GlobalSection(SolutionProperties) = preSolution
		HideSolutionNode = FALSE
	EndGlobalSection
	GlobalSection(ExtensibilityGlobals) = postSolution
		SolutionGuid = {CA3DCCDC-154F-4084-B6C0-EF2D13049ACB}
	EndGlobalSection
EndGlobal
